
Microsoft Visual Studio Solution File, Format Version 12.00
# Visual Studio Version 17
VisualStudioVersion = 17.2.32616.157
MinimumVisualStudioVersion = 10.0.40219.1
Project("{9A19103F-16F7-4668-BE54-9A1E7A4F7556}") = "AspNetSqlDocker", "AspNetSqlDocker\AspNetSqlDocker.csproj", "{55B76AAC-D320-47DD-8028-F2B8FC390ED0}"
EndProject
Project("{E53339B2-1760-4266-BCC7-CA923CBCF16C}") = "docker-compose", "docker-compose.dcproj", "{E84073DC-3A57-436D-9782-9F0A984B6E68}"
EndProject
Project("{2150E333-8FDC-42A3-9474-1A3956D46DE8}") = "Solution Items", "Solution Items", "{47DE8466-5A09-4541-8213-098AEEBEA19D}"
	ProjectSection(SolutionItems) = preProject
		README.md = README.md
	EndProjectSection
EndProject
Global
	GlobalSection(SolutionConfigurationPlatforms) = preSolution
		Debug|Any CPU = Debug|Any CPU
		Release|Any CPU = Release|Any CPU
	EndGlobalSection
	GlobalSection(ProjectConfigurationPlatforms) = postSolution
		{55B76AAC-D320-47DD-8028-F2B8FC390ED0}.Debug|Any CPU.ActiveCfg = Debug|Any CPU
		{55B76AAC-D320-47DD-8028-F2B8FC390ED0}.Debug|Any CPU.Build.0 = Debug|Any CPU
		{55B76AAC-D320-47DD-8028-F2B8FC390ED0}.Release|Any CPU.ActiveCfg = Release|Any CPU
		{55B76AAC-D320-47DD-8028-F2B8FC390ED0}.Release|Any CPU.Build.0 = Release|Any CPU
		{E84073DC-3A57-436D-9782-9F0A984B6E68}.Debug|Any CPU.ActiveCfg = Debug|Any CPU
		{E84073DC-3A57-436D-9782-9F0A984B6E68}.Debug|Any CPU.Build.0 = Debug|Any CPU
		{E84073DC-3A57-436D-9782-9F0A984B6E68}.Release|Any CPU.ActiveCfg = Release|Any CPU
		{E84073DC-3A57-436D-9782-9F0A984B6E68}.Release|Any CPU.Build.0 = Release|Any CPU
	EndGlobalSection
	GlobalSection(SolutionProperties) = preSolution
		HideSolutionNode = FALSE
	EndGlobalSection
	GlobalSection(ExtensibilityGlobals) = postSolution
		SolutionGuid = {33B6BF20-847C-45FF-9BA9-A93BFEB8F0A4}
	EndGlobalSection
EndGlobal
